
Microsoft Visual Studio Solution File, Format Version 12.00
# Visual Studio Version 17
VisualStudioVersion = 17.14.36915.13 d17.14
MinimumVisualStudioVersion = 10.0.40219.1
Project("{FAE04EC0-301F-11D3-BF4B-00C04F79EFBC}") = "ConsoleApp6", "ConsoleApp6\ConsoleApp6.csproj", "{2F414A18-1FE4-439D-8ADF-9584259CB58A}"
EndProject
Global
	GlobalSection(SolutionConfigurationPlatforms) = preSolution
		Debug|Any CPU = Debug|Any CPU
		Release|Any CPU = Release|Any CPU
	EndGlobalSection
	GlobalSection(ProjectConfigurationPlatforms) = postSolution
		{2F414A18-1FE4-439D-8ADF-9584259CB58A}.Debug|Any CPU.ActiveCfg = Debug|Any CPU
		{2F414A18-1FE4-439D-8ADF-9584259CB58A}.Debug|Any CPU.Build.0 = Debug|Any CPU
		{2F414A18-1FE4-439D-8ADF-9584259CB58A}.Release|Any CPU.ActiveCfg = Release|Any CPU
		{2F414A18-1FE4-439D-8ADF-9584259CB58A}.Release|Any CPU.Build.0 = Release|Any CPU
	EndGlobalSection
	GlobalSection(SolutionProperties) = preSolution
		HideSolutionNode = FALSE
	EndGlobalSection
	GlobalSection(ExtensibilityGlobals) = postSolution
		SolutionGuid = {622829CE-AAAD-4D25-B7E8-4F993FCFE646}
	EndGlobalSection
EndGlobal
